
Microsoft Visual Studio Solution File, Format Version 12.00
# Visual Studio Version 17
VisualStudioVersion = 17.1.32210.238
MinimumVisualStudioVersion = 10.0.40219.1
Project("{FAE04EC0-301F-11D3-BF4B-00C04F79EFBC}") = "GoWPFApplication", "GoWPFApplication\GoWPFApplication.csproj", "{6766C812-DAC2-43D1-9834-F9E5914401A0}"
EndProject
Global
	GlobalSection(SolutionConfigurationPlatforms) = preSolution
		Debug|Any CPU = Debug|Any CPU
		Release|Any CPU = Release|Any CPU
	EndGlobalSection
	GlobalSection(ProjectConfigurationPlatforms) = postSolution
		{6766C812-DAC2-43D1-9834-F9E5914401A0}.Debug|Any CPU.ActiveCfg = Debug|Any CPU
		{6766C812-DAC2-43D1-9834-F9E5914401A0}.Debug|Any CPU.Build.0 = Debug|Any CPU
		{6766C812-DAC2-43D1-9834-F9E5914401A0}.Release|Any CPU.ActiveCfg = Release|Any CPU
		{6766C812-DAC2-43D1-9834-F9E5914401A0}.Release|Any CPU.Build.0 = Release|Any CPU
	EndGlobalSection
	GlobalSection(SolutionProperties) = preSolution
		HideSolutionNode = FALSE
	EndGlobalSection
	GlobalSection(ExtensibilityGlobals) = postSolution
		SolutionGuid = {7F4F4A4E-DBDD-4F1B-814D-0C6DF08A4CB3}
	EndGlobalSection
EndGlobal
